// !$*UTF8*$!
{
	archiveVersion = 1;
	classes = {
	};
	objectVersion = 77;
	objects = {

/* Begin PBXBuildFile section */
		4F2F796B2D53BEE100C2756C /* PosterKitHelper.xcframework in Frameworks */ = {isa = PBXBuildFile; fileRef = 4F2F796A2D53BEE100C2756C /* PosterKitHelper.xcframework */; };
		4F2F797D2D53C24500C2756C /* MapPosterExtension.appex in Embed ExtensionKit Extensions */ = {isa = PBXBuildFile; fileRef = 4F0855FB2D5365E600EE68E2 /* MapPosterExtension.appex */; settings = {ATTRIBUTES = (RemoveHeadersOnCopy, ); }; };
/* End PBXBuildFile section */

/* Begin PBXContainerItemProxy section */
		4F2F797E2D53C24500C2756C /* PBXContainerItemProxy */ = {
			isa = PBXContainerItemProxy;
			containerPortal = 4F0855DE2D53638900EE68E2 /* Project object */;
			proxyType = 1;
			remoteGlobalIDString = 4F0855FA2D5365E600EE68E2;
			remoteInfo = MapPosterExtension;
		};
/* End PBXContainerItemProxy section */

/* Begin PBXCopyFilesBuildPhase section */
		4F2F79802D53C24500C2756C /* Embed ExtensionKit Extensions */ = {
			isa = PBXCopyFilesBuildPhase;
			buildActionMask = 2147483647;
			dstPath = "";
			dstSubfolderSpec = 13;
			files = (
				4F2F797D2D53C24500C2756C /* MapPosterExtension.appex in Embed ExtensionKit Extensions */,
			);
			name = "Embed ExtensionKit Extensions";
			runOnlyForDeploymentPostprocessing = 0;
		};
/* End PBXCopyFilesBuildPhase section */

/* Begin PBXFileReference section */
		4F0855E62D53638900EE68E2 /* MapPoster.app */ = {isa = PBXFileReference; explicitFileType = wrapper.application; includeInIndex = 0; path = MapPoster.app; sourceTree = BUILT_PRODUCTS_DIR; };
		4F0855FB2D5365E600EE68E2 /* MapPosterExtension.appex */ = {isa = PBXFileReference; explicitFileType = "wrapper.extensionkit-extension"; includeInIndex = 0; path = MapPosterExtension.appex; sourceTree = BUILT_PRODUCTS_DIR; };
		4F2F796A2D53BEE100C2756C /* PosterKitHelper.xcframework */ = {isa = PBXFileReference; lastKnownFileType = wrapper.xcframework; path = PosterKitHelper.xcframework; sourceTree = "<group>"; };
		4F2F79AB2D5485A200C2756C /* PosterBoardTweak.framework */ = {isa = PBXFileReference; explicitFileType = wrapper.framework; includeInIndex = 0; path = PosterBoardTweak.framework; sourceTree = BUILT_PRODUCTS_DIR; };
/* End PBXFileReference section */

/* Begin PBXFileSystemSynchronizedBuildFileExceptionSet section */
		4F0856032D5365E600EE68E2 /* Exceptions for "MapPosterExtension" folder in "MapPosterExtension" target */ = {
			isa = PBXFileSystemSynchronizedBuildFileExceptionSet;
			membershipExceptions = (
				Info.plist,
			);
			target = 4F0855FA2D5365E600EE68E2 /* MapPosterExtension */;
		};
		4F2F79B42D5485A200C2756C /* Exceptions for "PosterBoardTweak" folder in "PosterBoardTweak" target */ = {
			isa = PBXFileSystemSynchronizedBuildFileExceptionSet;
			publicHeaders = (
				PosterBoardTweak.h,
			);
			target = 4F2F79AA2D5485A200C2756C /* PosterBoardTweak */;
		};
/* End PBXFileSystemSynchronizedBuildFileExceptionSet section */

/* Begin PBXFileSystemSynchronizedRootGroup section */
		4F0855E82D53638900EE68E2 /* MapPoster */ = {
			isa = PBXFileSystemSynchronizedRootGroup;
			path = MapPoster;
			sourceTree = "<group>";
		};
		4F0855FC2D5365E600EE68E2 /* MapPosterExtension */ = {
			isa = PBXFileSystemSynchronizedRootGroup;
			exceptions = (
				4F0856032D5365E600EE68E2 /* Exceptions for "MapPosterExtension" folder in "MapPosterExtension" target */,
			);
			path = MapPosterExtension;
			sourceTree = "<group>";
		};
		4F2F79AC2D5485A200C2756C /* PosterBoardTweak */ = {
			isa = PBXFileSystemSynchronizedRootGroup;
			exceptions = (
				4F2F79B42D5485A200C2756C /* Exceptions for "PosterBoardTweak" folder in "PosterBoardTweak" target */,
			);
			path = PosterBoardTweak;
			sourceTree = "<group>";
		};
/* End PBXFileSystemSynchronizedRootGroup section */

/* Begin PBXFrameworksBuildPhase section */
		4F0855E32D53638900EE68E2 /* Frameworks */ = {
			isa = PBXFrameworksBuildPhase;
			buildActionMask = 2147483647;
			files = (
			);
			runOnlyForDeploymentPostprocessing = 0;
		};
		4F0855F82D5365E600EE68E2 /* Frameworks */ = {
			isa = PBXFrameworksBuildPhase;
			buildActionMask = 2147483647;
			files = (
				4F2F796B2D53BEE100C2756C /* PosterKitHelper.xcframework in Frameworks */,
			);
			runOnlyForDeploymentPostprocessing = 0;
		};
		4F2F79A82D5485A200C2756C /* Frameworks */ = {
			isa = PBXFrameworksBuildPhase;
			buildActionMask = 2147483647;
			files = (
			);
			runOnlyForDeploymentPostprocessing = 0;
		};
/* End PBXFrameworksBuildPhase section */

/* Begin PBXGroup section */
		4F0855DD2D53638900EE68E2 = {
			isa = PBXGroup;
			children = (
				4F0855E82D53638900EE68E2 /* MapPoster */,
				4F0855FC2D5365E600EE68E2 /* MapPosterExtension */,
				4F2F79AC2D5485A200C2756C /* PosterBoardTweak */,
				4F0856092D5368E700EE68E2 /* Frameworks */,
				4F0855E72D53638900EE68E2 /* Products */,
			);
			sourceTree = "<group>";
		};
		4F0855E72D53638900EE68E2 /* Products */ = {
			isa = PBXGroup;
			children = (
				4F0855E62D53638900EE68E2 /* MapPoster.app */,
				4F0855FB2D5365E600EE68E2 /* MapPosterExtension.appex */,
				4F2F79AB2D5485A200C2756C /* PosterBoardTweak.framework */,
			);
			name = Products;
			sourceTree = "<group>";
		};
		4F0856092D5368E700EE68E2 /* Frameworks */ = {
			isa = PBXGroup;
			children = (
				4F2F796A2D53BEE100C2756C /* PosterKitHelper.xcframework */,
			);
			name = Frameworks;
			sourceTree = "<group>";
		};
/* End PBXGroup section */

/* Begin PBXHeadersBuildPhase section */
		4F2F79A62D5485A200C2756C /* Headers */ = {
			isa = PBXHeadersBuildPhase;
			buildActionMask = 2147483647;
			files = (
			);
			runOnlyForDeploymentPostprocessing = 0;
		};
/* End PBXHeadersBuildPhase section */

/* Begin PBXNativeTarget section */
		4F0855E52D53638900EE68E2 /* MapPoster */ = {
			isa = PBXNativeTarget;
			buildConfigurationList = 4F0855F42D53638A00EE68E2 /* Build configuration list for PBXNativeTarget "MapPoster" */;
			buildPhases = (
				4F0855E22D53638900EE68E2 /* Sources */,
				4F0855E32D53638900EE68E2 /* Frameworks */,
				4F0855E42D53638900EE68E2 /* Resources */,
				4F2F79802D53C24500C2756C /* Embed ExtensionKit Extensions */,
			);
			buildRules = (
			);
			dependencies = (
				4F2F797F2D53C24500C2756C /* PBXTargetDependency */,
			);
			fileSystemSynchronizedGroups = (
				4F0855E82D53638900EE68E2 /* MapPoster */,
			);
			name = MapPoster;
			packageProductDependencies = (
			);
			productName = MapPoster;
			productReference = 4F0855E62D53638900EE68E2 /* MapPoster.app */;
			productType = "com.apple.product-type.application";
		};
		4F0855FA2D5365E600EE68E2 /* MapPosterExtension */ = {
			isa = PBXNativeTarget;
			buildConfigurationList = 4F0856042D5365E600EE68E2 /* Build configuration list for PBXNativeTarget "MapPosterExtension" */;
			buildPhases = (
				4F0855F72D5365E600EE68E2 /* Sources */,
				4F0855F82D5365E600EE68E2 /* Frameworks */,
				4F0855F92D5365E600EE68E2 /* Resources */,
				4FE823A22D54DC73008FD25E /* ShellScript */,
			);
			buildRules = (
			);
			dependencies = (
			);
			fileSystemSynchronizedGroups = (
				4F0855FC2D5365E600EE68E2 /* MapPosterExtension */,
			);
			name = MapPosterExtension;
			packageProductDependencies = (
			);
			productName = MapPosterExtension;
			productReference = 4F0855FB2D5365E600EE68E2 /* MapPosterExtension.appex */;
			productType = "com.apple.product-type.extensionkit-extension";
		};
		4F2F79AA2D5485A200C2756C /* PosterBoardTweak */ = {
			isa = PBXNativeTarget;
			buildConfigurationList = 4F2F79B52D5485A200C2756C /* Build configuration list for PBXNativeTarget "PosterBoardTweak" */;
			buildPhases = (
				4F2F79A62D5485A200C2756C /* Headers */,
				4F2F79A72D5485A200C2756C /* Sources */,
				4F2F79A82D5485A200C2756C /* Frameworks */,
				4F2F79A92D5485A200C2756C /* Resources */,
				4F2F79B82D54861000C2756C /* ShellScript */,
			);
			buildRules = (
			);
			dependencies = (
			);
			fileSystemSynchronizedGroups = (
				4F2F79AC2D5485A200C2756C /* PosterBoardTweak */,
			);
			name = PosterBoardTweak;
			packageProductDependencies = (
			);
			productName = PosterBoardTweak;
			productReference = 4F2F79AB2D5485A200C2756C /* PosterBoardTweak.framework */;
			productType = "com.apple.product-type.framework";
		};
/* End PBXNativeTarget section */

/* Begin PBXProject section */
		4F0855DE2D53638900EE68E2 /* Project object */ = {
			isa = PBXProject;
			attributes = {
				BuildIndependentTargetsInParallel = 1;
				LastSwiftUpdateCheck = 1620;
				LastUpgradeCheck = 1620;
				TargetAttributes = {
					4F0855E52D53638900EE68E2 = {
						CreatedOnToolsVersion = 16.2;
					};
					4F0855FA2D5365E600EE68E2 = {
						CreatedOnToolsVersion = 16.2;
					};
					4F2F79AA2D5485A200C2756C = {
						CreatedOnToolsVersion = 16.2;
					};
				};
			};
			buildConfigurationList = 4F0855E12D53638900EE68E2 /* Build configuration list for PBXProject "MapPoster" */;
			developmentRegion = en;
			hasScannedForEncodings = 0;
			knownRegions = (
				en,
				Base,
			);
			mainGroup = 4F0855DD2D53638900EE68E2;
			minimizedProjectReferenceProxies = 1;
			preferredProjectObjectVersion = 77;
			productRefGroup = 4F0855E72D53638900EE68E2 /* Products */;
			projectDirPath = "";
			projectRoot = "";
			targets = (
				4F0855E52D53638900EE68E2 /* MapPoster */,
				4F0855FA2D5365E600EE68E2 /* MapPosterExtension */,
				4F2F79AA2D5485A200C2756C /* PosterBoardTweak */,
			);
		};
/* End PBXProject section */

/* Begin PBXResourcesBuildPhase section */
		4F0855E42D53638900EE68E2 /* Resources */ = {
			isa = PBXResourcesBuildPhase;
			buildActionMask = 2147483647;
			files = (
			);
			runOnlyForDeploymentPostprocessing = 0;
		};
		4F0855F92D5365E600EE68E2 /* Resources */ = {
			isa = PBXResourcesBuildPhase;
			buildActionMask = 2147483647;
			files = (
			);
			runOnlyForDeploymentPostprocessing = 0;
		};
		4F2F79A92D5485A200C2756C /* Resources */ = {
			isa = PBXResourcesBuildPhase;
			buildActionMask = 2147483647;
			files = (
			);
			runOnlyForDeploymentPostprocessing = 0;
		};
/* End PBXResourcesBuildPhase section */

/* Begin PBXShellScriptBuildPhase section */
		4F2F79B82D54861000C2756C /* ShellScript */ = {
			isa = PBXShellScriptBuildPhase;
			buildActionMask = 2147483647;
			files = (
			);
			inputFileListPaths = (
			);
			inputPaths = (
			);
			outputFileListPaths = (
			);
			outputPaths = (
			);
			runOnlyForDeploymentPostprocessing = 0;
			shellPath = /bin/sh;
			shellScript = "# Type a script or drag a script file from your workspace to insert its path.\n\nxcrun simctl spawn booted launchctl debug system/com.apple.PosterBoard --environment PBT_WAIT_FOR_DEBUGGER=1 DYLD_INSERT_LIBRARIES=\"${BUILT_PRODUCTS_DIR}/PosterBoardTweak.framework/PosterBoardTweak\" MallocStackLogging=1 MallocStackLoggingNoCompact=1 NSZombieEnabled=1\n\nxcrun simctl spawn booted launchctl stop com.apple.PosterBoard\n\nPB_CACHE_PATH=\"/Users/pookjw/Library/Developer/CoreSimulator/Devices/31551CF0-F6B2-4867-888B-78472386F4A9/data/Library/Application Support/PRBPosterExtensionDataStore\"\n\nif [[ -d \"${PB_CACHE_PATH}\" ]]; then\n    rm -rf \"${PB_CACHE_PATH}\"\nfi;\n";
		};
		4FE823A22D54DC73008FD25E /* ShellScript */ = {
			isa = PBXShellScriptBuildPhase;
			buildActionMask = 2147483647;
			files = (
			);
			inputFileListPaths = (
			);
			inputPaths = (
			);
			outputFileListPaths = (
			);
			outputPaths = (
			);
			runOnlyForDeploymentPostprocessing = 0;
			shellPath = /bin/sh;
			shellScript = "# Type a script or drag a script file from your workspace to insert its path.\n\nPB_CACHE_PATH=\"/Users/pookjw/Library/Developer/CoreSimulator/Devices/31551CF0-F6B2-4867-888B-78472386F4A9/data/Library/Application Support/PRBPosterExtensionDataStore\"\n\nif [[ -d \"${PB_CACHE_PATH}\" ]]; then\n    rm -rf \"${PB_CACHE_PATH}\"\nfi;\n";
		};
/* End PBXShellScriptBuildPhase section */

/* Begin PBXSourcesBuildPhase section */
		4F0855E22D53638900EE68E2 /* Sources */ = {
			isa = PBXSourcesBuildPhase;
			buildActionMask = 2147483647;
			files = (
			);
			runOnlyForDeploymentPostprocessing = 0;
		};
		4F0855F72D5365E600EE68E2 /* Sources */ = {
			isa = PBXSourcesBuildPhase;
			buildActionMask = 2147483647;
			files = (
			);
			runOnlyForDeploymentPostprocessing = 0;
		};
		4F2F79A72D5485A200C2756C /* Sources */ = {
			isa = PBXSourcesBuildPhase;
			buildActionMask = 2147483647;
			files = (
			);
			runOnlyForDeploymentPostprocessing = 0;
		};
/* End PBXSourcesBuildPhase section */

/* Begin PBXTargetDependency section */
		4F2F797F2D53C24500C2756C /* PBXTargetDependency */ = {
			isa = PBXTargetDependency;
			target = 4F0855FA2D5365E600EE68E2 /* MapPosterExtension */;
			targetProxy = 4F2F797E2D53C24500C2756C /* PBXContainerItemProxy */;
		};
/* End PBXTargetDependency section */

/* Begin XCBuildConfiguration section */
		4F0855F22D53638A00EE68E2 /* Debug */ = {
			isa = XCBuildConfiguration;
			buildSettings = {
				ALWAYS_SEARCH_USER_PATHS = NO;
				ASSETCATALOG_COMPILER_GENERATE_SWIFT_ASSET_SYMBOL_EXTENSIONS = YES;
				CLANG_ANALYZER_NONNULL = YES;
				CLANG_ANALYZER_NUMBER_OBJECT_CONVERSION = YES_AGGRESSIVE;
				CLANG_CXX_LANGUAGE_STANDARD = "gnu++20";
				CLANG_ENABLE_MODULES = YES;
				CLANG_ENABLE_OBJC_ARC = YES;
				CLANG_ENABLE_OBJC_WEAK = YES;
				CLANG_WARN_BLOCK_CAPTURE_AUTORELEASING = YES;
				CLANG_WARN_BOOL_CONVERSION = YES;
				CLANG_WARN_COMMA = YES;
				CLANG_WARN_CONSTANT_CONVERSION = YES;
				CLANG_WARN_DEPRECATED_OBJC_IMPLEMENTATIONS = YES;
				CLANG_WARN_DIRECT_OBJC_ISA_USAGE = YES_ERROR;
				CLANG_WARN_DOCUMENTATION_COMMENTS = YES;
				CLANG_WARN_EMPTY_BODY = YES;
				CLANG_WARN_ENUM_CONVERSION = YES;
				CLANG_WARN_INFINITE_RECURSION = YES;
				CLANG_WARN_INT_CONVERSION = YES;
				CLANG_WARN_NON_LITERAL_NULL_CONVERSION = YES;
				CLANG_WARN_OBJC_IMPLICIT_RETAIN_SELF = YES;
				CLANG_WARN_OBJC_LITERAL_CONVERSION = YES;
				CLANG_WARN_OBJC_ROOT_CLASS = YES_ERROR;
				CLANG_WARN_QUOTED_INCLUDE_IN_FRAMEWORK_HEADER = YES;
				CLANG_WARN_RANGE_LOOP_ANALYSIS = YES;
				CLANG_WARN_STRICT_PROTOTYPES = YES;
				CLANG_WARN_SUSPICIOUS_MOVE = YES;
				CLANG_WARN_UNGUARDED_AVAILABILITY = YES_AGGRESSIVE;
				CLANG_WARN_UNREACHABLE_CODE = YES;
				CLANG_WARN__DUPLICATE_METHOD_MATCH = YES;
				COPY_PHASE_STRIP = NO;
				DEBUG_INFORMATION_FORMAT = dwarf;
				ENABLE_STRICT_OBJC_MSGSEND = YES;
				ENABLE_TESTABILITY = YES;
				ENABLE_USER_SCRIPT_SANDBOXING = YES;
				GCC_C_LANGUAGE_STANDARD = gnu17;
				GCC_DYNAMIC_NO_PIC = NO;
				GCC_NO_COMMON_BLOCKS = YES;
				GCC_OPTIMIZATION_LEVEL = 0;
				GCC_PREPROCESSOR_DEFINITIONS = (
					"DEBUG=1",
					"$(inherited)",
				);
				GCC_WARN_64_TO_32_BIT_CONVERSION = YES;
				GCC_WARN_ABOUT_RETURN_TYPE = YES_ERROR;
				GCC_WARN_UNDECLARED_SELECTOR = YES;
				GCC_WARN_UNINITIALIZED_AUTOS = YES_AGGRESSIVE;
				GCC_WARN_UNUSED_FUNCTION = YES;
				GCC_WARN_UNUSED_VARIABLE = YES;
				IPHONEOS_DEPLOYMENT_TARGET = 18.2;
				LOCALIZATION_PREFERS_STRING_CATALOGS = YES;
				MTL_ENABLE_DEBUG_INFO = INCLUDE_SOURCE;
				MTL_FAST_MATH = YES;
				ONLY_ACTIVE_ARCH = YES;
				SDKROOT = iphoneos;
				SWIFT_ACTIVE_COMPILATION_CONDITIONS = "DEBUG $(inherited)";
				SWIFT_OPTIMIZATION_LEVEL = "-Onone";
				SWIFT_VERSION = 6.0;
			};
			name = Debug;
		};
		4F0855F32D53638A00EE68E2 /* Release */ = {
			isa = XCBuildConfiguration;
			buildSettings = {
				ALWAYS_SEARCH_USER_PATHS = NO;
				ASSETCATALOG_COMPILER_GENERATE_SWIFT_ASSET_SYMBOL_EXTENSIONS = YES;
				CLANG_ANALYZER_NONNULL = YES;
				CLANG_ANALYZER_NUMBER_OBJECT_CONVERSION = YES_AGGRESSIVE;
				CLANG_CXX_LANGUAGE_STANDARD = "gnu++20";
				CLANG_ENABLE_MODULES = YES;
				CLANG_ENABLE_OBJC_ARC = YES;
				CLANG_ENABLE_OBJC_WEAK = YES;
				CLANG_WARN_BLOCK_CAPTURE_AUTORELEASING = YES;
				CLANG_WARN_BOOL_CONVERSION = YES;
				CLANG_WARN_COMMA = YES;
				CLANG_WARN_CONSTANT_CONVERSION = YES;
				CLANG_WARN_DEPRECATED_OBJC_IMPLEMENTATIONS = YES;
				CLANG_WARN_DIRECT_OBJC_ISA_USAGE = YES_ERROR;
				CLANG_WARN_DOCUMENTATION_COMMENTS = YES;
				CLANG_WARN_EMPTY_BODY = YES;
				CLANG_WARN_ENUM_CONVERSION = YES;
				CLANG_WARN_INFINITE_RECURSION = YES;
				CLANG_WARN_INT_CONVERSION = YES;
				CLANG_WARN_NON_LITERAL_NULL_CONVERSION = YES;
				CLANG_WARN_OBJC_IMPLICIT_RETAIN_SELF = YES;
				CLANG_WARN_OBJC_LITERAL_CONVERSION = YES;
				CLANG_WARN_OBJC_ROOT_CLASS = YES_ERROR;
				CLANG_WARN_QUOTED_INCLUDE_IN_FRAMEWORK_HEADER = YES;
				CLANG_WARN_RANGE_LOOP_ANALYSIS = YES;
				CLANG_WARN_STRICT_PROTOTYPES = YES;
				CLANG_WARN_SUSPICIOUS_MOVE = YES;
				CLANG_WARN_UNGUARDED_AVAILABILITY = YES_AGGRESSIVE;
				CLANG_WARN_UNREACHABLE_CODE = YES;
				CLANG_WARN__DUPLICATE_METHOD_MATCH = YES;
				COPY_PHASE_STRIP = NO;
				DEBUG_INFORMATION_FORMAT = "dwarf-with-dsym";
				ENABLE_NS_ASSERTIONS = NO;
				ENABLE_STRICT_OBJC_MSGSEND = YES;
				ENABLE_USER_SCRIPT_SANDBOXING = YES;
				GCC_C_LANGUAGE_STANDARD = gnu17;
				GCC_NO_COMMON_BLOCKS = YES;
				GCC_WARN_64_TO_32_BIT_CONVERSION = YES;
				GCC_WARN_ABOUT_RETURN_TYPE = YES_ERROR;
				GCC_WARN_UNDECLARED_SELECTOR = YES;
				GCC_WARN_UNINITIALIZED_AUTOS = YES_AGGRESSIVE;
				GCC_WARN_UNUSED_FUNCTION = YES;
				GCC_WARN_UNUSED_VARIABLE = YES;
				IPHONEOS_DEPLOYMENT_TARGET = 18.2;
				LOCALIZATION_PREFERS_STRING_CATALOGS = YES;
				MTL_ENABLE_DEBUG_INFO = NO;
				MTL_FAST_MATH = YES;
				SDKROOT = iphoneos;
				SWIFT_COMPILATION_MODE = wholemodule;
				SWIFT_VERSION = 6.0;
				VALIDATE_PRODUCT = YES;
			};
			name = Release;
		};
		4F0855F52D53638A00EE68E2 /* Debug */ = {
			isa = XCBuildConfiguration;
			buildSettings = {
				ASSETCATALOG_COMPILER_APPICON_NAME = AppIcon;
				ASSETCATALOG_COMPILER_GLOBAL_ACCENT_COLOR_NAME = AccentColor;
				CLANG_CXX_LANGUAGE_STANDARD = "gnu++23";
				CODE_SIGN_ENTITLEMENTS = MapPoster/MapPoster.entitlements;
				CODE_SIGN_STYLE = Automatic;
				CURRENT_PROJECT_VERSION = 1;
				DEVELOPMENT_ASSET_PATHS = "\"MapPoster/Preview Content\"";
				DEVELOPMENT_TEAM = "";
				ENABLE_PREVIEWS = YES;
				GENERATE_INFOPLIST_FILE = YES;
				INFOPLIST_KEY_UIApplicationSceneManifest_Generation = YES;
				INFOPLIST_KEY_UIApplicationSupportsIndirectInputEvents = YES;
				INFOPLIST_KEY_UILaunchScreen_Generation = YES;
				INFOPLIST_KEY_UISupportedInterfaceOrientations_iPad = "UIInterfaceOrientationPortrait UIInterfaceOrientationPortraitUpsideDown UIInterfaceOrientationLandscapeLeft UIInterfaceOrientationLandscapeRight";
				INFOPLIST_KEY_UISupportedInterfaceOrientations_iPhone = "UIInterfaceOrientationPortrait UIInterfaceOrientationLandscapeLeft UIInterfaceOrientationLandscapeRight";
				LD_RUNPATH_SEARCH_PATHS = (
					"$(inherited)",
					"@executable_path/Frameworks",
				);
				MARKETING_VERSION = 1.0;
				PRODUCT_BUNDLE_IDENTIFIER = com.pookjw.MapPoster;
				PRODUCT_NAME = "$(TARGET_NAME)";
				SWIFT_EMIT_LOC_STRINGS = YES;
				TARGETED_DEVICE_FAMILY = "1,2";
			};
			name = Debug;
		};
		4F0855F62D53638A00EE68E2 /* Release */ = {
			isa = XCBuildConfiguration;
			buildSettings = {
				ASSETCATALOG_COMPILER_APPICON_NAME = AppIcon;
				ASSETCATALOG_COMPILER_GLOBAL_ACCENT_COLOR_NAME = AccentColor;
				CLANG_CXX_LANGUAGE_STANDARD = "gnu++23";
				CODE_SIGN_ENTITLEMENTS = MapPoster/MapPoster.entitlements;
				CODE_SIGN_STYLE = Automatic;
				CURRENT_PROJECT_VERSION = 1;
				DEVELOPMENT_ASSET_PATHS = "\"MapPoster/Preview Content\"";
				DEVELOPMENT_TEAM = "";
				ENABLE_PREVIEWS = YES;
				GENERATE_INFOPLIST_FILE = YES;
				INFOPLIST_KEY_UIApplicationSceneManifest_Generation = YES;
				INFOPLIST_KEY_UIApplicationSupportsIndirectInputEvents = YES;
				INFOPLIST_KEY_UILaunchScreen_Generation = YES;
				INFOPLIST_KEY_UISupportedInterfaceOrientations_iPad = "UIInterfaceOrientationPortrait UIInterfaceOrientationPortraitUpsideDown UIInterfaceOrientationLandscapeLeft UIInterfaceOrientationLandscapeRight";
				INFOPLIST_KEY_UISupportedInterfaceOrientations_iPhone = "UIInterfaceOrientationPortrait UIInterfaceOrientationLandscapeLeft UIInterfaceOrientationLandscapeRight";
				LD_RUNPATH_SEARCH_PATHS = (
					"$(inherited)",
					"@executable_path/Frameworks",
				);
				MARKETING_VERSION = 1.0;
				PRODUCT_BUNDLE_IDENTIFIER = com.pookjw.MapPoster;
				PRODUCT_NAME = "$(TARGET_NAME)";
				SWIFT_EMIT_LOC_STRINGS = YES;
				TARGETED_DEVICE_FAMILY = "1,2";
			};
			name = Release;
		};
		4F0856052D5365E600EE68E2 /* Debug */ = {
			isa = XCBuildConfiguration;
			buildSettings = {
				CODE_SIGN_ENTITLEMENTS = MapPosterExtension/MapPosterExtension.entitlements;
				CODE_SIGN_STYLE = Automatic;
				CURRENT_PROJECT_VERSION = 1;
				DEVELOPMENT_TEAM = "";
				GENERATE_INFOPLIST_FILE = YES;
				INFOPLIST_FILE = MapPosterExtension/Info.plist;
				INFOPLIST_KEY_CFBundleDisplayName = MapPosterExtension;
				INFOPLIST_KEY_NSHumanReadableCopyright = "";
				LD_RUNPATH_SEARCH_PATHS = (
					"$(inherited)",
					"@executable_path/Frameworks",
					"@executable_path/../../Frameworks",
				);
				MARKETING_VERSION = 1.0;
				PRODUCT_BUNDLE_IDENTIFIER = com.pookjw.MapPoster.MapPosterExtension;
				PRODUCT_NAME = "$(TARGET_NAME)";
				SKIP_INSTALL = YES;
				SWIFT_EMIT_LOC_STRINGS = YES;
				TARGETED_DEVICE_FAMILY = "1,2";
			};
			name = Debug;
		};
		4F0856062D5365E600EE68E2 /* Release */ = {
			isa = XCBuildConfiguration;
			buildSettings = {
				CODE_SIGN_ENTITLEMENTS = MapPosterExtension/MapPosterExtension.entitlements;
				CODE_SIGN_STYLE = Automatic;
				CURRENT_PROJECT_VERSION = 1;
				DEVELOPMENT_TEAM = "";
				GENERATE_INFOPLIST_FILE = YES;
				INFOPLIST_FILE = MapPosterExtension/Info.plist;
				INFOPLIST_KEY_CFBundleDisplayName = MapPosterExtension;
				INFOPLIST_KEY_NSHumanReadableCopyright = "";
				LD_RUNPATH_SEARCH_PATHS = (
					"$(inherited)",
					"@executable_path/Frameworks",
					"@executable_path/../../Frameworks",
				);
				MARKETING_VERSION = 1.0;
				PRODUCT_BUNDLE_IDENTIFIER = com.pookjw.MapPoster.MapPosterExtension;
				PRODUCT_NAME = "$(TARGET_NAME)";
				SKIP_INSTALL = YES;
				SWIFT_EMIT_LOC_STRINGS = YES;
				TARGETED_DEVICE_FAMILY = "1,2";
			};
			name = Release;
		};
		4F2F79B62D5485A200C2756C /* Debug */ = {
			isa = XCBuildConfiguration;
			buildSettings = {
				CODE_SIGN_STYLE = Automatic;
				CURRENT_PROJECT_VERSION = 1;
				DEFINES_MODULE = YES;
				DEVELOPMENT_TEAM = "";
				DYLIB_COMPATIBILITY_VERSION = 1;
				DYLIB_CURRENT_VERSION = 1;
				DYLIB_INSTALL_NAME_BASE = "@rpath";
				ENABLE_MODULE_VERIFIER = NO;
				GENERATE_INFOPLIST_FILE = YES;
				INFOPLIST_KEY_NSHumanReadableCopyright = "";
				INSTALL_PATH = "$(LOCAL_LIBRARY_DIR)/Frameworks";
				LD_RUNPATH_SEARCH_PATHS = (
					"$(inherited)",
					"@executable_path/Frameworks",
					"@loader_path/Frameworks",
				);
				MARKETING_VERSION = 1.0;
				MODULE_VERIFIER_SUPPORTED_LANGUAGES = "objective-c objective-c++";
				MODULE_VERIFIER_SUPPORTED_LANGUAGE_STANDARDS = "gnu17 gnu++20";
				PRODUCT_BUNDLE_IDENTIFIER = com.pookjw.PosterBoardTweak;
				PRODUCT_NAME = "$(TARGET_NAME:c99extidentifier)";
				SKIP_INSTALL = YES;
				SWIFT_EMIT_LOC_STRINGS = YES;
				TARGETED_DEVICE_FAMILY = "1,2";
				VERSIONING_SYSTEM = "apple-generic";
				VERSION_INFO_PREFIX = "";
			};
			name = Debug;
		};
		4F2F79B72D5485A200C2756C /* Release */ = {
			isa = XCBuildConfiguration;
			buildSettings = {
				CODE_SIGN_STYLE = Automatic;
				CURRENT_PROJECT_VERSION = 1;
				DEFINES_MODULE = YES;
				DEVELOPMENT_TEAM = "";
				DYLIB_COMPATIBILITY_VERSION = 1;
				DYLIB_CURRENT_VERSION = 1;
				DYLIB_INSTALL_NAME_BASE = "@rpath";
				ENABLE_MODULE_VERIFIER = NO;
				GENERATE_INFOPLIST_FILE = YES;
				INFOPLIST_KEY_NSHumanReadableCopyright = "";
				INSTALL_PATH = "$(LOCAL_LIBRARY_DIR)/Frameworks";
				LD_RUNPATH_SEARCH_PATHS = (
					"$(inherited)",
					"@executable_path/Frameworks",
					"@loader_path/Frameworks",
				);
				MARKETING_VERSION = 1.0;
				MODULE_VERIFIER_SUPPORTED_LANGUAGES = "objective-c objective-c++";
				MODULE_VERIFIER_SUPPORTED_LANGUAGE_STANDARDS = "gnu17 gnu++20";
				PRODUCT_BUNDLE_IDENTIFIER = com.pookjw.PosterBoardTweak;
				PRODUCT_NAME = "$(TARGET_NAME:c99extidentifier)";
				SKIP_INSTALL = YES;
				SWIFT_EMIT_LOC_STRINGS = YES;
				TARGETED_DEVICE_FAMILY = "1,2";
				VERSIONING_SYSTEM = "apple-generic";
				VERSION_INFO_PREFIX = "";
			};
			name = Release;
		};
/* End XCBuildConfiguration section */

/* Begin XCConfigurationList section */
		4F0855E12D53638900EE68E2 /* Build configuration list for PBXProject "MapPoster" */ = {
			isa = XCConfigurationList;
			buildConfigurations = (
				4F0855F22D53638A00EE68E2 /* Debug */,
				4F0855F32D53638A00EE68E2 /* Release */,
			);
			defaultConfigurationIsVisible = 0;
			defaultConfigurationName = Release;
		};
		4F0855F42D53638A00EE68E2 /* Build configuration list for PBXNativeTarget "MapPoster" */ = {
			isa = XCConfigurationList;
			buildConfigurations = (
				4F0855F52D53638A00EE68E2 /* Debug */,
				4F0855F62D53638A00EE68E2 /* Release */,
			);
			defaultConfigurationIsVisible = 0;
			defaultConfigurationName = Release;
		};
		4F0856042D5365E600EE68E2 /* Build configuration list for PBXNativeTarget "MapPosterExtension" */ = {
			isa = XCConfigurationList;
			buildConfigurations = (
				4F0856052D5365E600EE68E2 /* Debug */,
				4F0856062D5365E600EE68E2 /* Release */,
			);
			defaultConfigurationIsVisible = 0;
			defaultConfigurationName = Release;
		};
		4F2F79B52D5485A200C2756C /* Build configuration list for PBXNativeTarget "PosterBoardTweak" */ = {
			isa = XCConfigurationList;
			buildConfigurations = (
				4F2F79B62D5485A200C2756C /* Debug */,
				4F2F79B72D5485A200C2756C /* Release */,
			);
			defaultConfigurationIsVisible = 0;
			defaultConfigurationName = Release;
		};
/* End XCConfigurationList section */
	};
	rootObject = 4F0855DE2D53638900EE68E2 /* Project object */;
}
